
Microsoft Visual Studio Solution File, Format Version 11.00
# Visual Studio 2010
Project("{FAE04EC0-301F-11D3-BF4B-00C04F79EFBC}") = "Assembly-CSharp", "Assembly-CSharp.csproj", "{409789EB-7E92-A4BF-EE07-98BCF71D2A82}"
EndProject
Project("{FAE04EC0-301F-11D3-BF4B-00C04F79EFBC}") = "Assembly-CSharp-firstpass", "Assembly-CSharp-firstpass.csproj", "{9D72A601-9E65-A874-3D95-98085501D786}"
EndProject
Project("{FAE04EC0-301F-11D3-BF4B-00C04F79EFBC}") = "Assembly-CSharp-Editor-firstpass", "Assembly-CSharp-Editor-firstpass.csproj", "{7BD645E5-529B-DFA7-D7E8-045F2A73F28C}"
EndProject
Global
	GlobalSection(SolutionConfigurationPlatforms) = preSolution
		Debug|Any CPU = Debug|Any CPU
		Release|Any CPU = Release|Any CPU
	EndGlobalSection
	GlobalSection(ProjectConfigurationPlatforms) = postSolution
		{409789EB-7E92-A4BF-EE07-98BCF71D2A82}.Debug|Any CPU.ActiveCfg = Debug|Any CPU
		{409789EB-7E92-A4BF-EE07-98BCF71D2A82}.Debug|Any CPU.Build.0 = Debug|Any CPU
		{409789EB-7E92-A4BF-EE07-98BCF71D2A82}.Release|Any CPU.ActiveCfg = Release|Any CPU
		{409789EB-7E92-A4BF-EE07-98BCF71D2A82}.Release|Any CPU.Build.0 = Release|Any CPU
		{9D72A601-9E65-A874-3D95-98085501D786}.Debug|Any CPU.ActiveCfg = Debug|Any CPU
		{9D72A601-9E65-A874-3D95-98085501D786}.Debug|Any CPU.Build.0 = Debug|Any CPU
		{9D72A601-9E65-A874-3D95-98085501D786}.Release|Any CPU.ActiveCfg = Release|Any CPU
		{9D72A601-9E65-A874-3D95-98085501D786}.Release|Any CPU.Build.0 = Release|Any CPU
		{7BD645E5-529B-DFA7-D7E8-045F2A73F28C}.Debug|Any CPU.ActiveCfg = Debug|Any CPU
		{7BD645E5-529B-DFA7-D7E8-045F2A73F28C}.Debug|Any CPU.Build.0 = Debug|Any CPU
		{7BD645E5-529B-DFA7-D7E8-045F2A73F28C}.Release|Any CPU.ActiveCfg = Release|Any CPU
		{7BD645E5-529B-DFA7-D7E8-045F2A73F28C}.Release|Any CPU.Build.0 = Release|Any CPU
	EndGlobalSection
	GlobalSection(SolutionProperties) = preSolution
		HideSolutionNode = FALSE
	EndGlobalSection
EndGlobal
