
Microsoft Visual Studio Solution File, Format Version 11.00
# Visual Studio 2010
Project("{FAE04EC0-301F-11D3-BF4B-00C04F79EFBC}") = "Assembly-CSharp", "Assembly-CSharp.csproj", "{92F344D4-F15C-D109-E13A-454359FC14C3}"
EndProject
Project("{FAE04EC0-301F-11D3-BF4B-00C04F79EFBC}") = "Assembly-CSharp-firstpass", "Assembly-CSharp-firstpass.csproj", "{84588954-8879-3AD5-D88A-2D75ED1B074B}"
EndProject
Project("{FAE04EC0-301F-11D3-BF4B-00C04F79EFBC}") = "Assembly-CSharp-Editor-firstpass", "Assembly-CSharp-Editor-firstpass.csproj", "{4D188DEA-E431-086C-EC4F-3BED924E5315}"
EndProject
Global
	GlobalSection(SolutionConfigurationPlatforms) = preSolution
		Debug|Any CPU = Debug|Any CPU
		Release|Any CPU = Release|Any CPU
	EndGlobalSection
	GlobalSection(ProjectConfigurationPlatforms) = postSolution
		{92F344D4-F15C-D109-E13A-454359FC14C3}.Debug|Any CPU.ActiveCfg = Debug|Any CPU
		{92F344D4-F15C-D109-E13A-454359FC14C3}.Debug|Any CPU.Build.0 = Debug|Any CPU
		{92F344D4-F15C-D109-E13A-454359FC14C3}.Release|Any CPU.ActiveCfg = Release|Any CPU
		{92F344D4-F15C-D109-E13A-454359FC14C3}.Release|Any CPU.Build.0 = Release|Any CPU
		{84588954-8879-3AD5-D88A-2D75ED1B074B}.Debug|Any CPU.ActiveCfg = Debug|Any CPU
		{84588954-8879-3AD5-D88A-2D75ED1B074B}.Debug|Any CPU.Build.0 = Debug|Any CPU
		{84588954-8879-3AD5-D88A-2D75ED1B074B}.Release|Any CPU.ActiveCfg = Release|Any CPU
		{84588954-8879-3AD5-D88A-2D75ED1B074B}.Release|Any CPU.Build.0 = Release|Any CPU
		{4D188DEA-E431-086C-EC4F-3BED924E5315}.Debug|Any CPU.ActiveCfg = Debug|Any CPU
		{4D188DEA-E431-086C-EC4F-3BED924E5315}.Debug|Any CPU.Build.0 = Debug|Any CPU
		{4D188DEA-E431-086C-EC4F-3BED924E5315}.Release|Any CPU.ActiveCfg = Release|Any CPU
		{4D188DEA-E431-086C-EC4F-3BED924E5315}.Release|Any CPU.Build.0 = Release|Any CPU
	EndGlobalSection
	GlobalSection(SolutionProperties) = preSolution
		HideSolutionNode = FALSE
	EndGlobalSection
EndGlobal
